
Microsoft Visual Studio Solution File, Format Version 12.00
# Visual Studio Version 16
VisualStudioVersion = 16.0.31613.86
MinimumVisualStudioVersion = 10.0.40219.1
Project("{FAE04EC0-301F-11D3-BF4B-00C04F79EFBC}") = "API", "API.csproj", "{FB81C68F-4F27-46C1-B0D9-3583A5B3DFA3}"
EndProject
Global
	GlobalSection(SolutionConfigurationPlatforms) = preSolution
		Debug|Any CPU = Debug|Any CPU
		Release|Any CPU = Release|Any CPU
	EndGlobalSection
	GlobalSection(ProjectConfigurationPlatforms) = postSolution
		{FB81C68F-4F27-46C1-B0D9-3583A5B3DFA3}.Debug|Any CPU.ActiveCfg = Debug|Any CPU
		{FB81C68F-4F27-46C1-B0D9-3583A5B3DFA3}.Debug|Any CPU.Build.0 = Debug|Any CPU
		{FB81C68F-4F27-46C1-B0D9-3583A5B3DFA3}.Release|Any CPU.ActiveCfg = Release|Any CPU
		{FB81C68F-4F27-46C1-B0D9-3583A5B3DFA3}.Release|Any CPU.Build.0 = Release|Any CPU
	EndGlobalSection
	GlobalSection(SolutionProperties) = preSolution
		HideSolutionNode = FALSE
	EndGlobalSection
	GlobalSection(ExtensibilityGlobals) = postSolution
		SolutionGuid = {A461709B-CFB6-49DF-9177-D8DD10DF8DC3}
	EndGlobalSection
EndGlobal
